{
  "name": "forgithub.lists",
  "lockfileVersion": 3,
  "requires": true,
  "packages": {
    "": {
      "dependencies": {
        "sponsorflare": "^0.2.6",
        "yaml": "^2.7.1"
      }
    },
    "node_modules/sponsorflare": {
      "version": "0.2.6",
      "resolved": "https://registry.npmjs.org/sponsorflare/-/sponsorflare-0.2.6.tgz",
      "integrity": "sha512-ECgCIHk70oi0hpBwgpGzetz9fCl43gLj2o7495ks5yKcsoCNFk0pCFbvvgWPKf5PDJXRMPo+BGSYIcexsyEUBQ=="
    },
    "node_modules/yaml": {
      "version": "2.7.1",
      "resolved": "https://registry.npmjs.org/yaml/-/yaml-2.7.1.tgz",
      "integrity": "sha512-10ULxpnOCQXxJvBgxsn9ptjq6uviG/htZKk9veJGhlqn3w/DxQ631zFF+nlQXLwmImeS5amR2dl2U8sg6U9jsQ==",
      "license": "ISC",
      "bin": {
        "yaml": "bin.mjs"
      },
      "engines": {
        "node": ">= 14"
      }
    }
  }
}
